
Microsoft Visual Studio Solution File, Format Version 12.00
# Visual Studio Version 16
VisualStudioVersion = 16.0.31005.135
MinimumVisualStudioVersion = 10.0.40219.1
Project("{888888A0-9F3D-457C-B088-3A5042F75D52}") = "Positioning_function", "Positioning_function.pyproj", "{A646831B-D8EF-427A-8C8A-04C26C4C4FD7}"
EndProject
Global
	GlobalSection(SolutionConfigurationPlatforms) = preSolution
		Debug|Any CPU = Debug|Any CPU
		Release|Any CPU = Release|Any CPU
	EndGlobalSection
	GlobalSection(ProjectConfigurationPlatforms) = postSolution
		{A646831B-D8EF-427A-8C8A-04C26C4C4FD7}.Debug|Any CPU.ActiveCfg = Debug|Any CPU
		{A646831B-D8EF-427A-8C8A-04C26C4C4FD7}.Release|Any CPU.ActiveCfg = Release|Any CPU
	EndGlobalSection
	GlobalSection(SolutionProperties) = preSolution
		HideSolutionNode = FALSE
	EndGlobalSection
	GlobalSection(ExtensibilityGlobals) = postSolution
		SolutionGuid = {453A6992-E544-4623-9A0F-C5B2336C4B21}
	EndGlobalSection
EndGlobal
